
Microsoft Visual Studio Solution File, Format Version 12.00
# Visual Studio Version 17
VisualStudioVersion = 17.13.35818.85 d17.13
MinimumVisualStudioVersion = 10.0.40219.1
Project("{888888A0-9F3D-457C-B088-3A5042F75D52}") = "PDFDownloader", "PDFDownloader\PDFDownloader.pyproj", "{156BAA21-946E-4117-A69C-4A97D9995A2C}"
EndProject
Global
	GlobalSection(SolutionConfigurationPlatforms) = preSolution
		Debug|Any CPU = Debug|Any CPU
		Release|Any CPU = Release|Any CPU
	EndGlobalSection
	GlobalSection(ProjectConfigurationPlatforms) = postSolution
		{156BAA21-946E-4117-A69C-4A97D9995A2C}.Debug|Any CPU.ActiveCfg = Debug|Any CPU
		{156BAA21-946E-4117-A69C-4A97D9995A2C}.Release|Any CPU.ActiveCfg = Release|Any CPU
	EndGlobalSection
	GlobalSection(SolutionProperties) = preSolution
		HideSolutionNode = FALSE
	EndGlobalSection
	GlobalSection(ExtensibilityGlobals) = postSolution
		SolutionGuid = {EE3F0270-6F3D-4CC0-8B13-32C1118AE13C}
	EndGlobalSection
EndGlobal
